
Microsoft Visual Studio Solution File, Format Version 12.00
# Visual Studio Version 16
VisualStudioVersion = 16.0.29503.13
MinimumVisualStudioVersion = 10.0.40219.1
Project("{9A19103F-16F7-4668-BE54-9A1E7A4F7556}") = "VSOP2013", "VSOP2013\VSOP2013.csproj", "{A36BC2BE-D01A-497C-B17A-3B15DA455D9F}"
EndProject
Project("{9A19103F-16F7-4668-BE54-9A1E7A4F7556}") = "Demo", "Demo\Demo.csproj", "{9CC39AF5-6179-4903-8F3C-ED8ACEFE2399}"
EndProject
Global
	GlobalSection(SolutionConfigurationPlatforms) = preSolution
		Debug|Any CPU = Debug|Any CPU
		Release|Any CPU = Release|Any CPU
	EndGlobalSection
	GlobalSection(ProjectConfigurationPlatforms) = postSolution
		{A36BC2BE-D01A-497C-B17A-3B15DA455D9F}.Debug|Any CPU.ActiveCfg = Debug|Any CPU
		{A36BC2BE-D01A-497C-B17A-3B15DA455D9F}.Debug|Any CPU.Build.0 = Debug|Any CPU
		{A36BC2BE-D01A-497C-B17A-3B15DA455D9F}.Release|Any CPU.ActiveCfg = Release|Any CPU
		{A36BC2BE-D01A-497C-B17A-3B15DA455D9F}.Release|Any CPU.Build.0 = Release|Any CPU
		{9CC39AF5-6179-4903-8F3C-ED8ACEFE2399}.Debug|Any CPU.ActiveCfg = Debug|Any CPU
		{9CC39AF5-6179-4903-8F3C-ED8ACEFE2399}.Debug|Any CPU.Build.0 = Debug|Any CPU
		{9CC39AF5-6179-4903-8F3C-ED8ACEFE2399}.Release|Any CPU.ActiveCfg = Release|Any CPU
		{9CC39AF5-6179-4903-8F3C-ED8ACEFE2399}.Release|Any CPU.Build.0 = Release|Any CPU
	EndGlobalSection
	GlobalSection(SolutionProperties) = preSolution
		HideSolutionNode = FALSE
	EndGlobalSection
	GlobalSection(ExtensibilityGlobals) = postSolution
		SolutionGuid = {82ED7620-3D5A-42AA-A0A3-B2D546E5DCE6}
	EndGlobalSection
EndGlobal
